<?xml version="1.0" encoding="utf-8"?>
<Project ToolsVersion="4.0" xmlns="http://schemas.microsoft.com/developer/msbuild/2003">
  <ItemGroup>
    <Filter Include="src">
      <UniqueIdentifier>{db6ca364-be3a-437e-991a-7ff73dbb1d34}</UniqueIdentifier>
    </Filter>
    <Filter Include="src\General Utility">
      <UniqueIdentifier>{c1df929d-0b5d-4717-a93f-4fa906a23289}</UniqueIdentifier>
    </Filter>
    <Filter Include="src\User Interface">
      <UniqueIdentifier>{a79f62ed-a4a1-44a8-8232-5065ad52ae6b}</UniqueIdentifier>
    </Filter>
    <Filter Include="src\Resource Management">
      <UniqueIdentifier>{a07eabea-bee4-4ba8-8096-49a2adc04aae}</UniqueIdentifier>
    </Filter>
    <Filter Include="src\Render Pipeline">
      <UniqueIdentifier>{09c60c2e-9ded-47ae-bbae-56e570712a47}</UniqueIdentifier>
    </Filter>
    <Filter Include="src\Render Pipeline\Camera">
      <UniqueIdentifier>{ebed468d-1b20-4e21-bf1b-ff8ad6f70993}</UniqueIdentifier>
    </Filter>
    <Filter Include="src\Render Pipeline\Color">
      <UniqueIdentifier>{5c6af526-c747-4895-95ce-9f06b55fa309}</UniqueIdentifier>
    </Filter>
    <Filter Include="src\Render Pipeline\Initialization">
      <UniqueIdentifier>{c2b45cb1-b908-437e-8194-a8ea445382bd}</UniqueIdentifier>
    </Filter>
    <Filter Include="src\Render Pipeline\Light">
      <UniqueIdentifier>{c1c670f5-9cb9-4f04-b05d-0942b1779c4b}</UniqueIdentifier>
    </Filter>
    <Filter Include="src\Render Pipeline\Light\Light Base">
      <UniqueIdentifier>{bd420b79-2660-4682-a9c3-87ee192f57e2}</UniqueIdentifier>
    </Filter>
    <Filter Include="src\Render Pipeline\Light\Light Management">
      <UniqueIdentifier>{1064340d-24dc-4acc-857c-629d40396a2a}</UniqueIdentifier>
    </Filter>
    <Filter Include="src\Render Pipeline\Material">
      <UniqueIdentifier>{f8eba53b-674e-4cba-9ff8-d7b852579505}</UniqueIdentifier>
    </Filter>
    <Filter Include="src\Render Pipeline\Mesh">
      <UniqueIdentifier>{0d5cbed6-20b9-46cd-9010-b01c533aa7ab}</UniqueIdentifier>
    </Filter>
    <Filter Include="src\Mesh Construction">
      <UniqueIdentifier>{4cc595b2-b4f9-4d26-9318-c6afc9d25fe9}</UniqueIdentifier>
    </Filter>
    <Filter Include="src\Render Pipeline\Transform">
      <UniqueIdentifier>{fcc88483-dd0e-426e-bc6c-cdb4f6e82aa5}</UniqueIdentifier>
    </Filter>
    <Filter Include="src\Render Pipeline\Texture">
      <UniqueIdentifier>{89ffb040-a983-4d65-8c3e-c5d0ee10739a}</UniqueIdentifier>
    </Filter>
    <Filter Include="src\Render Pipeline\Shader">
      <UniqueIdentifier>{575afc23-e730-4e20-aa93-e8515735a5c7}</UniqueIdentifier>
    </Filter>
    <Filter Include="src\Render Pipeline\Shader\Shader Management">
      <UniqueIdentifier>{2f3cbfab-143f-4d62-b40c-f48ae716113b}</UniqueIdentifier>
    </Filter>
    <Filter Include="src\Render Pipeline\Scene">
      <UniqueIdentifier>{51999228-2858-43fb-ab63-47869777fbce}</UniqueIdentifier>
    </Filter>
    <Filter Include="src\Render Pipeline\Object">
      <UniqueIdentifier>{b1dab580-1352-4b73-b349-ed4518e170d4}</UniqueIdentifier>
    </Filter>
    <Filter Include="Resources">
      <UniqueIdentifier>{3b867455-2df5-44ea-8957-37b8a9bafc44}</UniqueIdentifier>
    </Filter>
    <Filter Include="Resources\Shaders">
      <UniqueIdentifier>{ffc47059-e4c5-4f17-bd84-7fb5ae32281f}</UniqueIdentifier>
    </Filter>
    <Filter Include="src\Render Pipeline\Mesh\Data">
      <UniqueIdentifier>{e15a683f-0d8b-479b-8f85-3aee02ea55ea}</UniqueIdentifier>
    </Filter>
    <Filter Include="src\Render Pipeline\Light\Data">
      <UniqueIdentifier>{ca11dde3-a052-4c34-a05b-fc7b6ac9a87d}</UniqueIdentifier>
    </Filter>
    <Filter Include="src\Render Pipeline\Skybox">
      <UniqueIdentifier>{3911f2d6-c493-4b92-a186-865d17119ecb}</UniqueIdentifier>
    </Filter>
    <Filter Include="Resources\Textures">
      <UniqueIdentifier>{5f91a59f-5953-4efc-ac00-066c15bdead3}</UniqueIdentifier>
    </Filter>
    <Filter Include="Resources\Textures\Skybox">
      <UniqueIdentifier>{995680c7-31d6-40a2-b930-bbb394844999}</UniqueIdentifier>
    </Filter>
    <Filter Include="src\General Utility\stb_wrapper">
      <UniqueIdentifier>{9c33b2ab-2c7f-49c8-9976-6433fa05353b}</UniqueIdentifier>
    </Filter>
    <Filter Include="src\Input Management">
      <UniqueIdentifier>{674dcee0-0551-40c1-8bf7-ee9f2cae9f82}</UniqueIdentifier>
    </Filter>
    <Filter Include="src\Input Management\Data">
      <UniqueIdentifier>{8cb48a35-c814-45ac-88d1-8e7a0f2ef984}</UniqueIdentifier>
    </Filter>
    <Filter Include="src\Render Pipeline\Light\Utility">
      <UniqueIdentifier>{d21c67e5-6ce7-4f60-9a44-fb51e7f3113c}</UniqueIdentifier>
    </Filter>
    <Filter Include="src\Input Management\Utility">
      <UniqueIdentifier>{5279eb9f-2086-421f-9f58-37b4181a2050}</UniqueIdentifier>
    </Filter>
    <Filter Include="src\Render Pipeline\Camera\Camera Base">
      <UniqueIdentifier>{aec9a92a-f2a1-4a94-9800-efa75c2cade0}</UniqueIdentifier>
    </Filter>
    <Filter Include="src\Render Pipeline\Camera\Scene Camera">
      <UniqueIdentifier>{b7d3b483-43af-496b-be4b-db54a9e7c022}</UniqueIdentifier>
    </Filter>
    <Filter Include="src\Render Pipeline\Camera\Data">
      <UniqueIdentifier>{39411b3b-4d02-4a90-915e-32410aa029cb}</UniqueIdentifier>
    </Filter>
    <Filter Include="src\Time Management">
      <UniqueIdentifier>{291bd35d-a34b-464f-b627-c1645c5311c2}</UniqueIdentifier>
    </Filter>
    <Filter Include="src\Render Pipeline\Cursor">
      <UniqueIdentifier>{524233f2-d844-491f-a208-3952de808006}</UniqueIdentifier>
    </Filter>
    <Filter Include="Resources\Textures\Cursor">
      <UniqueIdentifier>{50dea9e3-e922-4a71-a99d-3f2c9f49c503}</UniqueIdentifier>
    </Filter>
    <Filter Include="Resources\Shaders\Generic">
      <UniqueIdentifier>{8bf6d39e-0b18-4fed-b182-4cd51cac27b6}</UniqueIdentifier>
    </Filter>
    <Filter Include="Resources\Shaders\Instanced">
      <UniqueIdentifier>{5a095364-df09-4649-bab8-1617cc96dc78}</UniqueIdentifier>
    </Filter>
    <Filter Include="Resources\Shaders\Skybox">
      <UniqueIdentifier>{62902a33-b40f-4865-8b15-70138c47dca6}</UniqueIdentifier>
    </Filter>
    <Filter Include="Resources\Shaders\Cursor">
      <UniqueIdentifier>{ad1e5c97-6ff4-4970-acb0-9bc36bef355f}</UniqueIdentifier>
    </Filter>
    <Filter Include="src\Render Pipeline\Shader\Data">
      <UniqueIdentifier>{4458ebc0-14c6-4909-96cd-7afc198b8a5a}</UniqueIdentifier>
    </Filter>
    <Filter Include="src\Render Pipeline\Transform\Data">
      <UniqueIdentifier>{97f18202-7ce9-41d9-a80f-428e3b30f2f1}</UniqueIdentifier>
    </Filter>
    <Filter Include="src\Render Pipeline\Scene\Utility">
      <UniqueIdentifier>{66096dcc-68bd-4c2c-bf89-eeb836736cf8}</UniqueIdentifier>
    </Filter>
  </ItemGroup>
  <ItemGroup>
    <ClCompile Include="src\ResourceManagement\ResourceManager.cpp">
      <Filter>src\Resource Management</Filter>
    </ClCompile>
    <ClCompile Include="src\UserInterface\Window.cpp">
      <Filter>src\User Interface</Filter>
    </ClCompile>
    <ClCompile Include="src\RenderPipeline\Initialization\Initialization.cpp">
      <Filter>src\Render Pipeline\Initialization</Filter>
    </ClCompile>
    <ClCompile Include="src\RenderPipeline\Light\DirectionalLight.cpp">
      <Filter>src\Render Pipeline\Light</Filter>
    </ClCompile>
    <ClCompile Include="src\RenderPipeline\Light\PointLight.cpp">
      <Filter>src\Render Pipeline\Light</Filter>
    </ClCompile>
    <ClCompile Include="src\RenderPipeline\Light\SpotLight.cpp">
      <Filter>src\Render Pipeline\Light</Filter>
    </ClCompile>
    <ClCompile Include="src\RenderPipeline\Light\LightBase\PositionalLight.cpp">
      <Filter>src\Render Pipeline\Light\Light Base</Filter>
    </ClCompile>
    <ClCompile Include="src\RenderPipeline\Light\LightBase\LightSource.cpp">
      <Filter>src\Render Pipeline\Light\Light Base</Filter>
    </ClCompile>
    <ClCompile Include="src\RenderPipeline\Light\LightManagement\LightTracker.cpp">
      <Filter>src\Render Pipeline\Light\Light Management</Filter>
    </ClCompile>
    <ClCompile Include="src\RenderPipeline\Material\Material.cpp">
      <Filter>src\Render Pipeline\Material</Filter>
    </ClCompile>
    <ClCompile Include="src\RenderPipeline\Mesh\Mesh.cpp">
      <Filter>src\Render Pipeline\Mesh</Filter>
    </ClCompile>
    <ClCompile Include="src\RenderPipeline\Transform\Transform.cpp">
      <Filter>src\Render Pipeline\Transform</Filter>
    </ClCompile>
    <ClCompile Include="src\RenderPipeline\Texture\Texture.cpp">
      <Filter>src\Render Pipeline\Texture</Filter>
    </ClCompile>
    <ClCompile Include="src\RenderPipeline\Shader\Shader.cpp">
      <Filter>src\Render Pipeline\Shader</Filter>
    </ClCompile>
    <ClCompile Include="src\RenderPipeline\Shader\ShaderManagement\GlobalShaderManager.cpp">
      <Filter>src\Render Pipeline\Shader\Shader Management</Filter>
    </ClCompile>
    <ClCompile Include="src\RenderPipeline\Scene\Scene.cpp">
      <Filter>src\Render Pipeline\Scene</Filter>
    </ClCompile>
    <ClCompile Include="src\RenderPipeline\Object\MeshRenderer.cpp">
      <Filter>src\Render Pipeline\Object</Filter>
    </ClCompile>
    <ClCompile Include="src\MeshConstruction\Shapes.cpp">
      <Filter>src\Mesh Construction</Filter>
    </ClCompile>
    <ClCompile Include="src\RenderPipeline\Skybox\Skybox.cpp">
      <Filter>src\Render Pipeline\Skybox</Filter>
    </ClCompile>
    <ClCompile Include="src\GeneralUtility\stb_wrapper\stb_wrapper.cpp">
      <Filter>src\General Utility\stb_wrapper</Filter>
    </ClCompile>
    <ClCompile Include="src\Input Management\Input.cpp">
      <Filter>src\Input Management</Filter>
    </ClCompile>
    <ClCompile Include="src\RenderPipeline\Application.cpp">
      <Filter>src\Render Pipeline</Filter>
    </ClCompile>
    <ClCompile Include="src\main.cpp">
      <Filter>src</Filter>
    </ClCompile>
    <ClCompile Include="src\Input Management\Utility\InputUtility.cpp">
      <Filter>src\Input Management\Utility</Filter>
    </ClCompile>
    <ClCompile Include="src\RenderPipeline\Light\Utility\GLSLObjectUtils.cpp">
      <Filter>src\Render Pipeline\Light\Utility</Filter>
    </ClCompile>
    <ClCompile Include="src\RenderPipeline\Camera\SceneCamera\SceneCamera.cpp">
      <Filter>src\Render Pipeline\Camera\Scene Camera</Filter>
    </ClCompile>
    <ClCompile Include="src\RenderPipeline\Camera\CameraBase\Camera.cpp">
      <Filter>src\Render Pipeline\Camera\Camera Base</Filter>
    </ClCompile>
    <ClCompile Include="src\Time Management\Time.cpp">
      <Filter>src\Time Management</Filter>
    </ClCompile>
    <ClCompile Include="src\RenderPipeline\Cursor\Cursor.cpp">
      <Filter>src\Render Pipeline\Cursor</Filter>
    </ClCompile>
  </ItemGroup>
  <ItemGroup>
    <ClInclude Include="src\GeneralUtility\ArrayUtility.h">
      <Filter>src\General Utility</Filter>
    </ClInclude>
    <ClInclude Include="src\ResourceManagement\ResourceManager.h">
      <Filter>src\Resource Management</Filter>
    </ClInclude>
    <ClInclude Include="src\UserInterface\Window.h">
      <Filter>src\User Interface</Filter>
    </ClInclude>
    <ClInclude Include="src\RenderPipeline\Color\Color3.h">
      <Filter>src\Render Pipeline\Color</Filter>
    </ClInclude>
    <ClInclude Include="src\RenderPipeline\Color\Color4.h">
      <Filter>src\Render Pipeline\Color</Filter>
    </ClInclude>
    <ClInclude Include="src\RenderPipeline\Initialization\Initialization.h">
      <Filter>src\Render Pipeline\Initialization</Filter>
    </ClInclude>
    <ClInclude Include="src\RenderPipeline\Light\DirectionalLight.h">
      <Filter>src\Render Pipeline\Light</Filter>
    </ClInclude>
    <ClInclude Include="src\RenderPipeline\Light\PointLight.h">
      <Filter>src\Render Pipeline\Light</Filter>
    </ClInclude>
    <ClInclude Include="src\RenderPipeline\Light\SpotLight.h">
      <Filter>src\Render Pipeline\Light</Filter>
    </ClInclude>
    <ClInclude Include="src\RenderPipeline\Light\LightBase\PositionalLight.h">
      <Filter>src\Render Pipeline\Light\Light Base</Filter>
    </ClInclude>
    <ClInclude Include="src\RenderPipeline\Light\LightBase\LightSource.h">
      <Filter>src\Render Pipeline\Light\Light Base</Filter>
    </ClInclude>
    <ClInclude Include="src\RenderPipeline\Light\LightManagement\LightTracker.h">
      <Filter>src\Render Pipeline\Light\Light Management</Filter>
    </ClInclude>
    <ClInclude Include="src\RenderPipeline\Material\Material.h">
      <Filter>src\Render Pipeline\Material</Filter>
    </ClInclude>
    <ClInclude Include="src\RenderPipeline\Mesh\Mesh.h">
      <Filter>src\Render Pipeline\Mesh</Filter>
    </ClInclude>
    <ClInclude Include="src\RenderPipeline\Transform\Transform.h">
      <Filter>src\Render Pipeline\Transform</Filter>
    </ClInclude>
    <ClInclude Include="src\RenderPipeline\Transform\Transformable.h">
      <Filter>src\Render Pipeline\Transform</Filter>
    </ClInclude>
    <ClInclude Include="src\RenderPipeline\Texture\Texture.h">
      <Filter>src\Render Pipeline\Texture</Filter>
    </ClInclude>
    <ClInclude Include="src\RenderPipeline\Shader\Shader.h">
      <Filter>src\Render Pipeline\Shader</Filter>
    </ClInclude>
    <ClInclude Include="src\RenderPipeline\Shader\ShaderManagement\GlobalShaderManager.h">
      <Filter>src\Render Pipeline\Shader\Shader Management</Filter>
    </ClInclude>
    <ClInclude Include="src\RenderPipeline\Scene\Scene.h">
      <Filter>src\Render Pipeline\Scene</Filter>
    </ClInclude>
    <ClInclude Include="src\RenderPipeline\Object\MeshRenderer.h">
      <Filter>src\Render Pipeline\Object</Filter>
    </ClInclude>
    <ClInclude Include="src\MeshConstruction\Shapes.h">
      <Filter>src\Mesh Construction</Filter>
    </ClInclude>
    <ClInclude Include="src\RenderPipeline\Mesh\Data\BufferObjects.h">
      <Filter>src\Render Pipeline\Mesh\Data</Filter>
    </ClInclude>
    <ClInclude Include="src\RenderPipeline\Mesh\Data\Vertex.h">
      <Filter>src\Render Pipeline\Mesh\Data</Filter>
    </ClInclude>
    <ClInclude Include="src\RenderPipeline\Light\Data\LightConstants.h">
      <Filter>src\Render Pipeline\Light\Data</Filter>
    </ClInclude>
    <ClInclude Include="src\RenderPipeline\Light\Data\LightDistance.h">
      <Filter>src\Render Pipeline\Light\Data</Filter>
    </ClInclude>
    <ClInclude Include="src\RenderPipeline\Skybox\Skybox.h">
      <Filter>src\Render Pipeline\Skybox</Filter>
    </ClInclude>
    <ClInclude Include="src\GeneralUtility\ArenaAllocator.h">
      <Filter>src\General Utility</Filter>
    </ClInclude>
    <ClInclude Include="src\GeneralUtility\stringify.h">
      <Filter>src\General Utility</Filter>
    </ClInclude>
    <ClInclude Include="src\GeneralUtility\stb_wrapper\stb_wrapper.h">
      <Filter>src\General Utility\stb_wrapper</Filter>
    </ClInclude>
    <ClInclude Include="src\Input Management\Data\KeyCode.h">
      <Filter>src\Input Management\Data</Filter>
    </ClInclude>
    <ClInclude Include="src\Input Management\Data\MouseButton.h">
      <Filter>src\Input Management\Data</Filter>
    </ClInclude>
    <ClInclude Include="src\Input Management\Input.h">
      <Filter>src\Input Management</Filter>
    </ClInclude>
    <ClInclude Include="src\RenderPipeline\Application.h">
      <Filter>src\Render Pipeline</Filter>
    </ClInclude>
    <ClInclude Include="src\Input Management\Data\Action.h">
      <Filter>src\Input Management\Data</Filter>
    </ClInclude>
    <ClInclude Include="src\Input Management\Utility\InputUtility.h">
      <Filter>src\Input Management\Utility</Filter>
    </ClInclude>
    <ClInclude Include="src\RenderPipeline\Light\Utility\GLSLObjectUtils.h">
      <Filter>src\Render Pipeline\Light\Utility</Filter>
    </ClInclude>
    <ClInclude Include="src\RenderPipeline\Light\Utility\LightSourceType.h">
      <Filter>src\Render Pipeline\Light\Utility</Filter>
    </ClInclude>
    <ClInclude Include="src\RenderPipeline\Camera\SceneCamera\SceneCamera.h">
      <Filter>src\Render Pipeline\Camera\Scene Camera</Filter>
    </ClInclude>
    <ClInclude Include="src\RenderPipeline\Camera\CameraBase\Camera.h">
      <Filter>src\Render Pipeline\Camera\Camera Base</Filter>
    </ClInclude>
    <ClInclude Include="src\RenderPipeline\Camera\Data\CameraType.h">
      <Filter>src\Render Pipeline\Camera\Data</Filter>
    </ClInclude>
    <ClInclude Include="src\GeneralUtility\gl2fw3.h">
      <Filter>src\General Utility</Filter>
    </ClInclude>
    <ClInclude Include="src\GeneralUtility\MathConstants.h">
      <Filter>src\General Utility</Filter>
    </ClInclude>
    <ClInclude Include="src\Time Management\Time.h">
      <Filter>src\Time Management</Filter>
    </ClInclude>
    <ClInclude Include="src\GeneralUtility\MathUtility.h">
      <Filter>src\General Utility</Filter>
    </ClInclude>
    <ClInclude Include="src\RenderPipeline\Cursor\Cursor.h">
      <Filter>src\Render Pipeline\Cursor</Filter>
    </ClInclude>
    <ClInclude Include="src\RenderPipeline\Shader\Data\VertexAttributes.h">
      <Filter>src\Render Pipeline\Shader\Data</Filter>
    </ClInclude>
    <ClInclude Include="src\RenderPipeline\Shader\Data\LoadMethod.h">
      <Filter>src\Render Pipeline\Shader\Data</Filter>
    </ClInclude>
    <ClInclude Include="src\RenderPipeline\Transform\Data\TransformProps.h">
      <Filter>src\Render Pipeline\Transform\Data</Filter>
    </ClInclude>
    <ClInclude Include="src\RenderPipeline\Camera\Data\CameraProps.h">
      <Filter>src\Render Pipeline\Camera\Data</Filter>
    </ClInclude>
    <ClInclude Include="src\GeneralUtility\RefOrValue.h">
      <Filter>src\General Utility</Filter>
    </ClInclude>
    <ClInclude Include="src\GeneralUtility\NullableRef.h">
      <Filter>src\General Utility</Filter>
    </ClInclude>
    <ClInclude Include="src\RenderPipeline\Scene\Utility\MeshRendererSorter.h">
      <Filter>src\Render Pipeline\Scene\Utility</Filter>
    </ClInclude>
  </ItemGroup>
  <ItemGroup>
    <Image Include="Resources\Textures\Skybox\left.jpg">
      <Filter>Resources\Textures\Skybox</Filter>
    </Image>
    <Image Include="Resources\Textures\Skybox\right.jpg">
      <Filter>Resources\Textures\Skybox</Filter>
    </Image>
    <Image Include="Resources\Textures\Skybox\top.jpg">
      <Filter>Resources\Textures\Skybox</Filter>
    </Image>
    <Image Include="Resources\Textures\Skybox\back.jpg">
      <Filter>Resources\Textures\Skybox</Filter>
    </Image>
    <Image Include="Resources\Textures\Skybox\bottom.jpg">
      <Filter>Resources\Textures\Skybox</Filter>
    </Image>
    <Image Include="Resources\Textures\Skybox\front.jpg">
      <Filter>Resources\Textures\Skybox</Filter>
    </Image>
    <Image Include="Resources\Textures\Cursor\cursor.png">
      <Filter>Resources\Textures\Cursor</Filter>
    </Image>
  </ItemGroup>
  <ItemGroup>
    <None Include="Resources\Shaders\Cursor\cursor.frag">
      <Filter>Resources\Shaders\Cursor</Filter>
    </None>
    <None Include="Resources\Shaders\Cursor\cursor.vert">
      <Filter>Resources\Shaders\Cursor</Filter>
    </None>
    <None Include="Resources\Shaders\Generic\generic.frag">
      <Filter>Resources\Shaders\Generic</Filter>
    </None>
    <None Include="Resources\Shaders\Generic\generic.geom">
      <Filter>Resources\Shaders\Generic</Filter>
    </None>
    <None Include="Resources\Shaders\Generic\generic.vert">
      <Filter>Resources\Shaders\Generic</Filter>
    </None>
    <None Include="Resources\Shaders\Instanced\instanced.vert">
      <Filter>Resources\Shaders\Instanced</Filter>
    </None>
    <None Include="Resources\Shaders\Skybox\skybox.frag">
      <Filter>Resources\Shaders\Skybox</Filter>
    </None>
    <None Include="Resources\Shaders\Skybox\skybox.vert">
      <Filter>Resources\Shaders\Skybox</Filter>
    </None>
  </ItemGroup>
</Project>